
Microsoft Visual Studio Solution File, Format Version 12.00
# Visual Studio Version 16
VisualStudioVersion = 16.0.31229.75
MinimumVisualStudioVersion = 10.0.40219.1
Project("{8BC9CEB8-8B4A-11D0-8D11-00A0C91BC942}") = "GLFW5", "GLFW5.vcxproj", "{2B7433CE-C652-4A66-A74B-E8380FA0E465}"
EndProject
Global
	GlobalSection(SolutionConfigurationPlatforms) = preSolution
		Debug|x64 = Debug|x64
		Debug|x86 = Debug|x86
		Release|x64 = Release|x64
		Release|x86 = Release|x86
	EndGlobalSection
	GlobalSection(ProjectConfigurationPlatforms) = postSolution
		{2B7433CE-C652-4A66-A74B-E8380FA0E465}.Debug|x64.ActiveCfg = Debug|x64
		{2B7433CE-C652-4A66-A74B-E8380FA0E465}.Debug|x64.Build.0 = Debug|x64
		{2B7433CE-C652-4A66-A74B-E8380FA0E465}.Debug|x86.ActiveCfg = Debug|Win32
		{2B7433CE-C652-4A66-A74B-E8380FA0E465}.Debug|x86.Build.0 = Debug|Win32
		{2B7433CE-C652-4A66-A74B-E8380FA0E465}.Release|x64.ActiveCfg = Release|x64
		{2B7433CE-C652-4A66-A74B-E8380FA0E465}.Release|x64.Build.0 = Release|x64
		{2B7433CE-C652-4A66-A74B-E8380FA0E465}.Release|x86.ActiveCfg = Release|Win32
		{2B7433CE-C652-4A66-A74B-E8380FA0E465}.Release|x86.Build.0 = Release|Win32
	EndGlobalSection
	GlobalSection(SolutionProperties) = preSolution
		HideSolutionNode = FALSE
	EndGlobalSection
	GlobalSection(ExtensibilityGlobals) = postSolution
		SolutionGuid = {94D6A2B3-FC70-4927-9FAA-5B6B9243FC99}
	EndGlobalSection
EndGlobal
